{
  "name": "ngx-basic-primitives",
  "version": "6.5.1",
  "lockfileVersion": 3,
  "requires": true,
  "packages": {
    "": {
      "name": "ngx-basic-primitives",
      "version": "6.5.1",
      "dependencies": {
        "tslib": "^2.3.0"
      },
      "peerDependencies": {
        "@angular/common": "~16.1.1",
        "@angular/core": "~16.1.1",
        "basicprimitives": "^6.5.1"
      }
    },
    "node_modules/@angular/common": {
      "version": "16.1.9",
      "resolved": "https://registry.npmjs.org/@angular/common/-/common-16.1.9.tgz",
      "integrity": "sha512-mBetJ08synwk5nvtreek/ny5+KYPImKcr/8phdqWcL4dxfXH5HKh7afBJorPXe890BAF0LFmfVeTOmwrzZu6oA==",
      "peer": true,
      "dependencies": {
        "tslib": "^2.3.0"
      },
      "engines": {
        "node": "^16.14.0 || >=18.10.0"
      },
      "peerDependencies": {
        "@angular/core": "16.1.9",
        "rxjs": "^6.5.3 || ^7.4.0"
      }
    },
    "node_modules/@angular/core": {
      "version": "16.1.9",
      "resolved": "https://registry.npmjs.org/@angular/core/-/core-16.1.9.tgz",
      "integrity": "sha512-EPveq1kBb79/WtyAOiGeYgyh/we20TddbpQG23WZVjXHH0GoL6mmV2QHwQHOi9tYNeOneUz2bC3F88qbiacuOA==",
      "peer": true,
      "dependencies": {
        "tslib": "^2.3.0"
      },
      "engines": {
        "node": "^16.14.0 || >=18.10.0"
      },
      "peerDependencies": {
        "rxjs": "^6.5.3 || ^7.4.0",
        "zone.js": "~0.13.0"
      }
    },
    "node_modules/basicprimitives": {
      "version": "6.5.1",
      "resolved": "https://registry.npmjs.org/basicprimitives/-/basicprimitives-6.5.1.tgz",
      "integrity": "sha512-zwHeLl3DfpsLvjTSf2MYqfOSttCvGNGQhYEUVVL4u5lt5FgioCupK0V+B77TNW0uPlkf8hKhif29TvtlrnbFew==",
      "peer": true
    },
    "node_modules/rxjs": {
      "version": "7.8.1",
      "resolved": "https://registry.npmjs.org/rxjs/-/rxjs-7.8.1.tgz",
      "integrity": "sha512-AA3TVj+0A2iuIoQkWEK/tqFjBq2j+6PO6Y0zJcvzLAFhEFIO3HL0vls9hWLncZbAAbK0mar7oZ4V079I/qPMxg==",
      "peer": true,
      "dependencies": {
        "tslib": "^2.1.0"
      }
    },
    "node_modules/tslib": {
      "version": "2.6.2",
      "resolved": "https://registry.npmjs.org/tslib/-/tslib-2.6.2.tgz",
      "integrity": "sha512-AEYxH93jGFPn/a2iVAwW87VuUIkR1FVUKB77NwMF7nBTDkDrrT/Hpt/IrCJ0QXhW27jTBDcf5ZY7w6RiqTMw2Q=="
    },
    "node_modules/zone.js": {
      "version": "0.13.3",
      "resolved": "https://registry.npmjs.org/zone.js/-/zone.js-0.13.3.tgz",
      "integrity": "sha512-MKPbmZie6fASC/ps4dkmIhaT5eonHkEt6eAy80K42tAm0G2W+AahLJjbfi6X9NPdciOE9GRFTTM8u2IiF6O3ww==",
      "peer": true,
      "dependencies": {
        "tslib": "^2.3.0"
      }
    }
  }
}
